// !$*UTF8*$!
{
	archiveVersion = 1;
	classes = {
	};
	objectVersion = 46;
	objects = {

/* Begin PBXBuildFile section */
		BA5BF6C81820C91B0081AB02 /* SVProgressHUD.bundle in Resources */ = {isa = PBXBuildFile; fileRef = BA5BF6C51820C91B0081AB02 /* SVProgressHUD.bundle */; };
		BA5BF6C91820C91B0081AB02 /* SVProgressHUD.m in Sources */ = {isa = PBXBuildFile; fileRef = BA5BF6C71820C91B0081AB02 /* SVProgressHUD.m */; };
		BA6A8A79181F837000D35AC5 /* Foundation.framework in Frameworks */ = {isa = PBXBuildFile; fileRef = BA6A8A78181F837000D35AC5 /* Foundation.framework */; };
		BA6A8A7B181F837000D35AC5 /* CoreGraphics.framework in Frameworks */ = {isa = PBXBuildFile; fileRef = BA6A8A7A181F837000D35AC5 /* CoreGraphics.framework */; };
		BA6A8A7D181F837000D35AC5 /* UIKit.framework in Frameworks */ = {isa = PBXBuildFile; fileRef = BA6A8A7C181F837000D35AC5 /* UIKit.framework */; };
		BA6A8A83181F837000D35AC5 /* InfoPlist.strings in Resources */ = {isa = PBXBuildFile; fileRef = BA6A8A81181F837000D35AC5 /* InfoPlist.strings */; };
		BA6A8A85181F837000D35AC5 /* main.m in Sources */ = {isa = PBXBuildFile; fileRef = BA6A8A84181F837000D35AC5 /* main.m */; };
		BA6A8A89181F837000D35AC5 /* AppDelegate.m in Sources */ = {isa = PBXBuildFile; fileRef = BA6A8A88181F837000D35AC5 /* AppDelegate.m */; };
		BA6A8A8B181F837000D35AC5 /* Images.xcassets in Resources */ = {isa = PBXBuildFile; fileRef = BA6A8A8A181F837000D35AC5 /* Images.xcassets */; };
		BA6A8A92181F837000D35AC5 /* XCTest.framework in Frameworks */ = {isa = PBXBuildFile; fileRef = BA6A8A91181F837000D35AC5 /* XCTest.framework */; };
		BA6A8A93181F837000D35AC5 /* Foundation.framework in Frameworks */ = {isa = PBXBuildFile; fileRef = BA6A8A78181F837000D35AC5 /* Foundation.framework */; };
		BA6A8A94181F837000D35AC5 /* UIKit.framework in Frameworks */ = {isa = PBXBuildFile; fileRef = BA6A8A7C181F837000D35AC5 /* UIKit.framework */; };
		BA6A8A9C181F837000D35AC5 /* InfoPlist.strings in Resources */ = {isa = PBXBuildFile; fileRef = BA6A8A9A181F837000D35AC5 /* InfoPlist.strings */; };
		BA6A8A9E181F837000D35AC5 /* todoTests.m in Sources */ = {isa = PBXBuildFile; fileRef = BA6A8A9D181F837000D35AC5 /* todoTests.m */; };
		BA6A8AAC181F946B00D35AC5 /* QuartzCore.framework in Frameworks */ = {isa = PBXBuildFile; fileRef = BA6A8AAB181F946B00D35AC5 /* QuartzCore.framework */; };
		BA6A8AAE181F948500D35AC5 /* Security.framework in Frameworks */ = {isa = PBXBuildFile; fileRef = BA6A8AAD181F948500D35AC5 /* Security.framework */; };
		BA6A8AB0181F948E00D35AC5 /* SystemConfiguration.framework in Frameworks */ = {isa = PBXBuildFile; fileRef = BA6A8AAF181F948E00D35AC5 /* SystemConfiguration.framework */; };
		BA6A8AB3181F949A00D35AC5 /* CFNetwork.framework in Frameworks */ = {isa = PBXBuildFile; fileRef = BA6A8AB1181F949A00D35AC5 /* CFNetwork.framework */; };
		BA6A8AB4181F949A00D35AC5 /* CoreTelephony.framework in Frameworks */ = {isa = PBXBuildFile; fileRef = BA6A8AB2181F949A00D35AC5 /* CoreTelephony.framework */; };
		BA6A8AB6181F94A300D35AC5 /* CoreLocation.framework in Frameworks */ = {isa = PBXBuildFile; fileRef = BA6A8AB5181F94A300D35AC5 /* CoreLocation.framework */; };
		BA6A8ABA181F94C300D35AC5 /* Accounts.framework in Frameworks */ = {isa = PBXBuildFile; fileRef = BA6A8AB7181F94C300D35AC5 /* Accounts.framework */; };
		BA6A8ABB181F94C300D35AC5 /* Social.framework in Frameworks */ = {isa = PBXBuildFile; fileRef = BA6A8AB8181F94C300D35AC5 /* Social.framework */; };
		BA6A8ABC181F94C300D35AC5 /* Twitter.framework in Frameworks */ = {isa = PBXBuildFile; fileRef = BA6A8AB9181F94C300D35AC5 /* Twitter.framework */; };
		BA6A8ACA1820102900D35AC5 /* todo-logo.png in Resources */ = {isa = PBXBuildFile; fileRef = BA6A8AC91820102900D35AC5 /* todo-logo.png */; };
		BA72F252182284F900F634BB /* TasksViewController.m in Sources */ = {isa = PBXBuildFile; fileRef = BA72F251182284F900F634BB /* TasksViewController.m */; };
		BA8C990D18B1E65E001C1E90 /* BuiltIO.framework in Frameworks */ = {isa = PBXBuildFile; fileRef = BA8C990B18B1E65E001C1E90 /* BuiltIO.framework */; };
		BA8C990E18B1E65E001C1E90 /* BuiltIO.bundle in Resources */ = {isa = PBXBuildFile; fileRef = BA8C990C18B1E65E001C1E90 /* BuiltIO.bundle */; };
		FAA2FFD71AA039BD00EBEEF9 /* libicucore.dylib in Frameworks */ = {isa = PBXBuildFile; fileRef = FAA2FFD61AA039BD00EBEEF9 /* libicucore.dylib */; };
		FAA2FFD91AA039C500EBEEF9 /* libsqlite3.dylib in Frameworks */ = {isa = PBXBuildFile; fileRef = FAA2FFD81AA039C500EBEEF9 /* libsqlite3.dylib */; };
		FAA2FFDD1AA039D600EBEEF9 /* MobileCoreServices.framework in Frameworks */ = {isa = PBXBuildFile; fileRef = FAA2FFDC1AA039D600EBEEF9 /* MobileCoreServices.framework */; };
		FAA2FFDF1AA039DF00EBEEF9 /* CoreData.framework in Frameworks */ = {isa = PBXBuildFile; fileRef = FAA2FFDE1AA039DF00EBEEF9 /* CoreData.framework */; };
		FAA2FFE11AA039E700EBEEF9 /* CoreFoundation.framework in Frameworks */ = {isa = PBXBuildFile; fileRef = FAA2FFE01AA039E700EBEEF9 /* CoreFoundation.framework */; };
/* End PBXBuildFile section */

/* Begin PBXContainerItemProxy section */
		BA6A8A95181F837000D35AC5 /* PBXContainerItemProxy */ = {
			isa = PBXContainerItemProxy;
			containerPortal = BA6A8A6D181F837000D35AC5 /* Project object */;
			proxyType = 1;
			remoteGlobalIDString = BA6A8A74181F837000D35AC5;
			remoteInfo = todo;
		};
/* End PBXContainerItemProxy section */

/* Begin PBXFileReference section */
		BA5BF6C51820C91B0081AB02 /* SVProgressHUD.bundle */ = {isa = PBXFileReference; lastKnownFileType = "wrapper.plug-in"; path = SVProgressHUD.bundle; sourceTree = "<group>"; };
		BA5BF6C61820C91B0081AB02 /* SVProgressHUD.h */ = {isa = PBXFileReference; fileEncoding = 4; lastKnownFileType = sourcecode.c.h; path = SVProgressHUD.h; sourceTree = "<group>"; };
		BA5BF6C71820C91B0081AB02 /* SVProgressHUD.m */ = {isa = PBXFileReference; fileEncoding = 4; lastKnownFileType = sourcecode.c.objc; path = SVProgressHUD.m; sourceTree = "<group>"; };
		BA6A8A75181F837000D35AC5 /* todo.app */ = {isa = PBXFileReference; explicitFileType = wrapper.application; includeInIndex = 0; path = todo.app; sourceTree = BUILT_PRODUCTS_DIR; };
		BA6A8A78181F837000D35AC5 /* Foundation.framework */ = {isa = PBXFileReference; lastKnownFileType = wrapper.framework; name = Foundation.framework; path = System/Library/Frameworks/Foundation.framework; sourceTree = SDKROOT; };
		BA6A8A7A181F837000D35AC5 /* CoreGraphics.framework */ = {isa = PBXFileReference; lastKnownFileType = wrapper.framework; name = CoreGraphics.framework; path = System/Library/Frameworks/CoreGraphics.framework; sourceTree = SDKROOT; };
		BA6A8A7C181F837000D35AC5 /* UIKit.framework */ = {isa = PBXFileReference; lastKnownFileType = wrapper.framework; name = UIKit.framework; path = System/Library/Frameworks/UIKit.framework; sourceTree = SDKROOT; };
		BA6A8A80181F837000D35AC5 /* todo-Info.plist */ = {isa = PBXFileReference; lastKnownFileType = text.plist.xml; path = "todo-Info.plist"; sourceTree = "<group>"; };
		BA6A8A82181F837000D35AC5 /* en */ = {isa = PBXFileReference; lastKnownFileType = text.plist.strings; name = en; path = en.lproj/InfoPlist.strings; sourceTree = "<group>"; };
		BA6A8A84181F837000D35AC5 /* main.m */ = {isa = PBXFileReference; lastKnownFileType = sourcecode.c.objc; path = main.m; sourceTree = "<group>"; };
		BA6A8A86181F837000D35AC5 /* todo-Prefix.pch */ = {isa = PBXFileReference; lastKnownFileType = sourcecode.c.h; path = "todo-Prefix.pch"; sourceTree = "<group>"; };
		BA6A8A87181F837000D35AC5 /* AppDelegate.h */ = {isa = PBXFileReference; lastKnownFileType = sourcecode.c.h; path = AppDelegate.h; sourceTree = "<group>"; };
		BA6A8A88181F837000D35AC5 /* AppDelegate.m */ = {isa = PBXFileReference; lastKnownFileType = sourcecode.c.objc; path = AppDelegate.m; sourceTree = "<group>"; };
		BA6A8A8A181F837000D35AC5 /* Images.xcassets */ = {isa = PBXFileReference; lastKnownFileType = folder.assetcatalog; path = Images.xcassets; sourceTree = "<group>"; };
		BA6A8A90181F837000D35AC5 /* todoTests.xctest */ = {isa = PBXFileReference; explicitFileType = wrapper.cfbundle; includeInIndex = 0; path = todoTests.xctest; sourceTree = BUILT_PRODUCTS_DIR; };
		BA6A8A91181F837000D35AC5 /* XCTest.framework */ = {isa = PBXFileReference; lastKnownFileType = wrapper.framework; name = XCTest.framework; path = Library/Frameworks/XCTest.framework; sourceTree = DEVELOPER_DIR; };
		BA6A8A99181F837000D35AC5 /* todoTests-Info.plist */ = {isa = PBXFileReference; lastKnownFileType = text.plist.xml; path = "todoTests-Info.plist"; sourceTree = "<group>"; };
		BA6A8A9B181F837000D35AC5 /* en */ = {isa = PBXFileReference; lastKnownFileType = text.plist.strings; name = en; path = en.lproj/InfoPlist.strings; sourceTree = "<group>"; };
		BA6A8A9D181F837000D35AC5 /* todoTests.m */ = {isa = PBXFileReference; lastKnownFileType = sourcecode.c.objc; path = todoTests.m; sourceTree = "<group>"; };
		BA6A8AAB181F946B00D35AC5 /* QuartzCore.framework */ = {isa = PBXFileReference; lastKnownFileType = wrapper.framework; name = QuartzCore.framework; path = System/Library/Frameworks/QuartzCore.framework; sourceTree = SDKROOT; };
		BA6A8AAD181F948500D35AC5 /* Security.framework */ = {isa = PBXFileReference; lastKnownFileType = wrapper.framework; name = Security.framework; path = System/Library/Frameworks/Security.framework; sourceTree = SDKROOT; };
		BA6A8AAF181F948E00D35AC5 /* SystemConfiguration.framework */ = {isa = PBXFileReference; lastKnownFileType = wrapper.framework; name = SystemConfiguration.framework; path = System/Library/Frameworks/SystemConfiguration.framework; sourceTree = SDKROOT; };
		BA6A8AB1181F949A00D35AC5 /* CFNetwork.framework */ = {isa = PBXFileReference; lastKnownFileType = wrapper.framework; name = CFNetwork.framework; path = System/Library/Frameworks/CFNetwork.framework; sourceTree = SDKROOT; };
		BA6A8AB2181F949A00D35AC5 /* CoreTelephony.framework */ = {isa = PBXFileReference; lastKnownFileType = wrapper.framework; name = CoreTelephony.framework; path = System/Library/Frameworks/CoreTelephony.framework; sourceTree = SDKROOT; };
		BA6A8AB5181F94A300D35AC5 /* CoreLocation.framework */ = {isa = PBXFileReference; lastKnownFileType = wrapper.framework; name = CoreLocation.framework; path = System/Library/Frameworks/CoreLocation.framework; sourceTree = SDKROOT; };
		BA6A8AB7181F94C300D35AC5 /* Accounts.framework */ = {isa = PBXFileReference; lastKnownFileType = wrapper.framework; name = Accounts.framework; path = System/Library/Frameworks/Accounts.framework; sourceTree = SDKROOT; };
		BA6A8AB8181F94C300D35AC5 /* Social.framework */ = {isa = PBXFileReference; lastKnownFileType = wrapper.framework; name = Social.framework; path = System/Library/Frameworks/Social.framework; sourceTree = SDKROOT; };
		BA6A8AB9181F94C300D35AC5 /* Twitter.framework */ = {isa = PBXFileReference; lastKnownFileType = wrapper.framework; name = Twitter.framework; path = System/Library/Frameworks/Twitter.framework; sourceTree = SDKROOT; };
		BA6A8ABD181F973600D35AC5 /* TasksViewController.h */ = {isa = PBXFileReference; fileEncoding = 4; lastKnownFileType = sourcecode.c.h; path = TasksViewController.h; sourceTree = "<group>"; };
		BA6A8AC91820102900D35AC5 /* todo-logo.png */ = {isa = PBXFileReference; lastKnownFileType = image.png; path = "todo-logo.png"; sourceTree = "<group>"; };
		BA72F251182284F900F634BB /* TasksViewController.m */ = {isa = PBXFileReference; fileEncoding = 4; lastKnownFileType = sourcecode.c.objc; path = TasksViewController.m; sourceTree = "<group>"; };
		BA8C990B18B1E65E001C1E90 /* BuiltIO.framework */ = {isa = PBXFileReference; lastKnownFileType = wrapper.framework; path = BuiltIO.framework; sourceTree = "<group>"; };
		BA8C990C18B1E65E001C1E90 /* BuiltIO.bundle */ = {isa = PBXFileReference; lastKnownFileType = "wrapper.plug-in"; path = BuiltIO.bundle; sourceTree = "<group>"; };
		FAA2FFD61AA039BD00EBEEF9 /* libicucore.dylib */ = {isa = PBXFileReference; lastKnownFileType = "compiled.mach-o.dylib"; name = libicucore.dylib; path = usr/lib/libicucore.dylib; sourceTree = SDKROOT; };
		FAA2FFD81AA039C500EBEEF9 /* libsqlite3.dylib */ = {isa = PBXFileReference; lastKnownFileType = "compiled.mach-o.dylib"; name = libsqlite3.dylib; path = usr/lib/libsqlite3.dylib; sourceTree = SDKROOT; };
		FAA2FFDA1AA039CE00EBEEF9 /* libc++.dylib */ = {isa = PBXFileReference; lastKnownFileType = "compiled.mach-o.dylib"; name = "libc++.dylib"; path = "usr/lib/libc++.dylib"; sourceTree = SDKROOT; };
		FAA2FFDC1AA039D600EBEEF9 /* MobileCoreServices.framework */ = {isa = PBXFileReference; lastKnownFileType = wrapper.framework; name = MobileCoreServices.framework; path = System/Library/Frameworks/MobileCoreServices.framework; sourceTree = SDKROOT; };
		FAA2FFDE1AA039DF00EBEEF9 /* CoreData.framework */ = {isa = PBXFileReference; lastKnownFileType = wrapper.framework; name = CoreData.framework; path = System/Library/Frameworks/CoreData.framework; sourceTree = SDKROOT; };
		FAA2FFE01AA039E700EBEEF9 /* CoreFoundation.framework */ = {isa = PBXFileReference; lastKnownFileType = wrapper.framework; name = CoreFoundation.framework; path = System/Library/Frameworks/CoreFoundation.framework; sourceTree = SDKROOT; };
/* End PBXFileReference section */

/* Begin PBXFrameworksBuildPhase section */
		BA6A8A72181F837000D35AC5 /* Frameworks */ = {
			isa = PBXFrameworksBuildPhase;
			buildActionMask = 2147483647;
			files = (
				FAA2FFE11AA039E700EBEEF9 /* CoreFoundation.framework in Frameworks */,
				FAA2FFDF1AA039DF00EBEEF9 /* CoreData.framework in Frameworks */,
				FAA2FFDD1AA039D600EBEEF9 /* MobileCoreServices.framework in Frameworks */,
				FAA2FFD91AA039C500EBEEF9 /* libsqlite3.dylib in Frameworks */,
				FAA2FFD71AA039BD00EBEEF9 /* libicucore.dylib in Frameworks */,
				BA6A8ABA181F94C300D35AC5 /* Accounts.framework in Frameworks */,
				BA6A8ABB181F94C300D35AC5 /* Social.framework in Frameworks */,
				BA6A8ABC181F94C300D35AC5 /* Twitter.framework in Frameworks */,
				BA6A8AB6181F94A300D35AC5 /* CoreLocation.framework in Frameworks */,
				BA6A8AB3181F949A00D35AC5 /* CFNetwork.framework in Frameworks */,
				BA6A8AB4181F949A00D35AC5 /* CoreTelephony.framework in Frameworks */,
				BA6A8AB0181F948E00D35AC5 /* SystemConfiguration.framework in Frameworks */,
				BA6A8AAE181F948500D35AC5 /* Security.framework in Frameworks */,
				BA8C990D18B1E65E001C1E90 /* BuiltIO.framework in Frameworks */,
				BA6A8AAC181F946B00D35AC5 /* QuartzCore.framework in Frameworks */,
				BA6A8A7B181F837000D35AC5 /* CoreGraphics.framework in Frameworks */,
				BA6A8A7D181F837000D35AC5 /* UIKit.framework in Frameworks */,
				BA6A8A79181F837000D35AC5 /* Foundation.framework in Frameworks */,
			);
			runOnlyForDeploymentPostprocessing = 0;
		};
		BA6A8A8D181F837000D35AC5 /* Frameworks */ = {
			isa = PBXFrameworksBuildPhase;
			buildActionMask = 2147483647;
			files = (
				BA6A8A92181F837000D35AC5 /* XCTest.framework in Frameworks */,
				BA6A8A94181F837000D35AC5 /* UIKit.framework in Frameworks */,
				BA6A8A93181F837000D35AC5 /* Foundation.framework in Frameworks */,
			);
			runOnlyForDeploymentPostprocessing = 0;
		};
/* End PBXFrameworksBuildPhase section */

/* Begin PBXGroup section */
		BA5BF6C41820C91B0081AB02 /* SVProgressHUD */ = {
			isa = PBXGroup;
			children = (
				BA5BF6C51820C91B0081AB02 /* SVProgressHUD.bundle */,
				BA5BF6C61820C91B0081AB02 /* SVProgressHUD.h */,
				BA5BF6C71820C91B0081AB02 /* SVProgressHUD.m */,
			);
			path = SVProgressHUD;
			sourceTree = "<group>";
		};
		BA6A8A6C181F837000D35AC5 = {
			isa = PBXGroup;
			children = (
				BA8C990B18B1E65E001C1E90 /* BuiltIO.framework */,
				BA8C990C18B1E65E001C1E90 /* BuiltIO.bundle */,
				BA5BF6C41820C91B0081AB02 /* SVProgressHUD */,
				BA6A8AC91820102900D35AC5 /* todo-logo.png */,
				BA6A8A7E181F837000D35AC5 /* todo */,
				BA6A8A97181F837000D35AC5 /* todoTests */,
				BA6A8A77181F837000D35AC5 /* Frameworks */,
				BA6A8A76181F837000D35AC5 /* Products */,
			);
			sourceTree = "<group>";
		};
		BA6A8A76181F837000D35AC5 /* Products */ = {
			isa = PBXGroup;
			children = (
				BA6A8A75181F837000D35AC5 /* todo.app */,
				BA6A8A90181F837000D35AC5 /* todoTests.xctest */,
			);
			name = Products;
			sourceTree = "<group>";
		};
		BA6A8A77181F837000D35AC5 /* Frameworks */ = {
			isa = PBXGroup;
			children = (
				FAA2FFE01AA039E700EBEEF9 /* CoreFoundation.framework */,
				FAA2FFDE1AA039DF00EBEEF9 /* CoreData.framework */,
				FAA2FFDC1AA039D600EBEEF9 /* MobileCoreServices.framework */,
				FAA2FFDA1AA039CE00EBEEF9 /* libc++.dylib */,
				FAA2FFD81AA039C500EBEEF9 /* libsqlite3.dylib */,
				FAA2FFD61AA039BD00EBEEF9 /* libicucore.dylib */,
				BA6A8AB7181F94C300D35AC5 /* Accounts.framework */,
				BA6A8AB8181F94C300D35AC5 /* Social.framework */,
				BA6A8AB9181F94C300D35AC5 /* Twitter.framework */,
				BA6A8AB5181F94A300D35AC5 /* CoreLocation.framework */,
				BA6A8AB1181F949A00D35AC5 /* CFNetwork.framework */,
				BA6A8AB2181F949A00D35AC5 /* CoreTelephony.framework */,
				BA6A8AAF181F948E00D35AC5 /* SystemConfiguration.framework */,
				BA6A8AAD181F948500D35AC5 /* Security.framework */,
				BA6A8AAB181F946B00D35AC5 /* QuartzCore.framework */,
				BA6A8A78181F837000D35AC5 /* Foundation.framework */,
				BA6A8A7A181F837000D35AC5 /* CoreGraphics.framework */,
				BA6A8A7C181F837000D35AC5 /* UIKit.framework */,
				BA6A8A91181F837000D35AC5 /* XCTest.framework */,
			);
			name = Frameworks;
			sourceTree = "<group>";
		};
		BA6A8A7E181F837000D35AC5 /* todo */ = {
			isa = PBXGroup;
			children = (
				BA6A8A87181F837000D35AC5 /* AppDelegate.h */,
				BA6A8A88181F837000D35AC5 /* AppDelegate.m */,
				BA6A8A8A181F837000D35AC5 /* Images.xcassets */,
				BA6A8A7F181F837000D35AC5 /* Supporting Files */,
				BA6A8ABD181F973600D35AC5 /* TasksViewController.h */,
				BA72F251182284F900F634BB /* TasksViewController.m */,
			);
			path = todo;
			sourceTree = "<group>";
		};
		BA6A8A7F181F837000D35AC5 /* Supporting Files */ = {
			isa = PBXGroup;
			children = (
				BA6A8A80181F837000D35AC5 /* todo-Info.plist */,
				BA6A8A81181F837000D35AC5 /* InfoPlist.strings */,
				BA6A8A84181F837000D35AC5 /* main.m */,
				BA6A8A86181F837000D35AC5 /* todo-Prefix.pch */,
			);
			name = "Supporting Files";
			sourceTree = "<group>";
		};
		BA6A8A97181F837000D35AC5 /* todoTests */ = {
			isa = PBXGroup;
			children = (
				BA6A8A9D181F837000D35AC5 /* todoTests.m */,
				BA6A8A98181F837000D35AC5 /* Supporting Files */,
			);
			path = todoTests;
			sourceTree = "<group>";
		};
		BA6A8A98181F837000D35AC5 /* Supporting Files */ = {
			isa = PBXGroup;
			children = (
				BA6A8A99181F837000D35AC5 /* todoTests-Info.plist */,
				BA6A8A9A181F837000D35AC5 /* InfoPlist.strings */,
			);
			name = "Supporting Files";
			sourceTree = "<group>";
		};
/* End PBXGroup section */

/* Begin PBXNativeTarget section */
		BA6A8A74181F837000D35AC5 /* todo */ = {
			isa = PBXNativeTarget;
			buildConfigurationList = BA6A8AA1181F837000D35AC5 /* Build configuration list for PBXNativeTarget "todo" */;
			buildPhases = (
				BA6A8A71181F837000D35AC5 /* Sources */,
				BA6A8A72181F837000D35AC5 /* Frameworks */,
				BA6A8A73181F837000D35AC5 /* Resources */,
			);
			buildRules = (
			);
			dependencies = (
			);
			name = todo;
			productName = todo;
			productReference = BA6A8A75181F837000D35AC5 /* todo.app */;
			productType = "com.apple.product-type.application";
		};
		BA6A8A8F181F837000D35AC5 /* todoTests */ = {
			isa = PBXNativeTarget;
			buildConfigurationList = BA6A8AA4181F837000D35AC5 /* Build configuration list for PBXNativeTarget "todoTests" */;
			buildPhases = (
				BA6A8A8C181F837000D35AC5 /* Sources */,
				BA6A8A8D181F837000D35AC5 /* Frameworks */,
				BA6A8A8E181F837000D35AC5 /* Resources */,
			);
			buildRules = (
			);
			dependencies = (
				BA6A8A96181F837000D35AC5 /* PBXTargetDependency */,
			);
			name = todoTests;
			productName = todoTests;
			productReference = BA6A8A90181F837000D35AC5 /* todoTests.xctest */;
			productType = "com.apple.product-type.bundle.unit-test";
		};
/* End PBXNativeTarget section */

/* Begin PBXProject section */
		BA6A8A6D181F837000D35AC5 /* Project object */ = {
			isa = PBXProject;
			attributes = {
				LastUpgradeCheck = 0500;
				ORGANIZATIONNAME = raweng;
				TargetAttributes = {
					BA6A8A8F181F837000D35AC5 = {
						TestTargetID = BA6A8A74181F837000D35AC5;
					};
				};
			};
			buildConfigurationList = BA6A8A70181F837000D35AC5 /* Build configuration list for PBXProject "todo" */;
			compatibilityVersion = "Xcode 3.2";
			developmentRegion = English;
			hasScannedForEncodings = 0;
			knownRegions = (
				en,
			);
			mainGroup = BA6A8A6C181F837000D35AC5;
			productRefGroup = BA6A8A76181F837000D35AC5 /* Products */;
			projectDirPath = "";
			projectRoot = "";
			targets = (
				BA6A8A74181F837000D35AC5 /* todo */,
				BA6A8A8F181F837000D35AC5 /* todoTests */,
			);
		};
/* End PBXProject section */

/* Begin PBXResourcesBuildPhase section */
		BA6A8A73181F837000D35AC5 /* Resources */ = {
			isa = PBXResourcesBuildPhase;
			buildActionMask = 2147483647;
			files = (
				BA8C990E18B1E65E001C1E90 /* BuiltIO.bundle in Resources */,
				BA5BF6C81820C91B0081AB02 /* SVProgressHUD.bundle in Resources */,
				BA6A8A83181F837000D35AC5 /* InfoPlist.strings in Resources */,
				BA6A8A8B181F837000D35AC5 /* Images.xcassets in Resources */,
				BA6A8ACA1820102900D35AC5 /* todo-logo.png in Resources */,
			);
			runOnlyForDeploymentPostprocessing = 0;
		};
		BA6A8A8E181F837000D35AC5 /* Resources */ = {
			isa = PBXResourcesBuildPhase;
			buildActionMask = 2147483647;
			files = (
				BA6A8A9C181F837000D35AC5 /* InfoPlist.strings in Resources */,
			);
			runOnlyForDeploymentPostprocessing = 0;
		};
/* End PBXResourcesBuildPhase section */

/* Begin PBXSourcesBuildPhase section */
		BA6A8A71181F837000D35AC5 /* Sources */ = {
			isa = PBXSourcesBuildPhase;
			buildActionMask = 2147483647;
			files = (
				BA6A8A89181F837000D35AC5 /* AppDelegate.m in Sources */,
				BA72F252182284F900F634BB /* TasksViewController.m in Sources */,
				BA5BF6C91820C91B0081AB02 /* SVProgressHUD.m in Sources */,
				BA6A8A85181F837000D35AC5 /* main.m in Sources */,
			);
			runOnlyForDeploymentPostprocessing = 0;
		};
		BA6A8A8C181F837000D35AC5 /* Sources */ = {
			isa = PBXSourcesBuildPhase;
			buildActionMask = 2147483647;
			files = (
				BA6A8A9E181F837000D35AC5 /* todoTests.m in Sources */,
			);
			runOnlyForDeploymentPostprocessing = 0;
		};
/* End PBXSourcesBuildPhase section */

/* Begin PBXTargetDependency section */
		BA6A8A96181F837000D35AC5 /* PBXTargetDependency */ = {
			isa = PBXTargetDependency;
			target = BA6A8A74181F837000D35AC5 /* todo */;
			targetProxy = BA6A8A95181F837000D35AC5 /* PBXContainerItemProxy */;
		};
/* End PBXTargetDependency section */

/* Begin PBXVariantGroup section */
		BA6A8A81181F837000D35AC5 /* InfoPlist.strings */ = {
			isa = PBXVariantGroup;
			children = (
				BA6A8A82181F837000D35AC5 /* en */,
			);
			name = InfoPlist.strings;
			sourceTree = "<group>";
		};
		BA6A8A9A181F837000D35AC5 /* InfoPlist.strings */ = {
			isa = PBXVariantGroup;
			children = (
				BA6A8A9B181F837000D35AC5 /* en */,
			);
			name = InfoPlist.strings;
			sourceTree = "<group>";
		};
/* End PBXVariantGroup section */

/* Begin XCBuildConfiguration section */
		BA6A8A9F181F837000D35AC5 /* Debug */ = {
			isa = XCBuildConfiguration;
			buildSettings = {
				ALWAYS_SEARCH_USER_PATHS = NO;
				CLANG_CXX_LANGUAGE_STANDARD = "gnu++0x";
				CLANG_CXX_LIBRARY = "libc++";
				CLANG_ENABLE_MODULES = YES;
				CLANG_ENABLE_OBJC_ARC = YES;
				CLANG_WARN_BOOL_CONVERSION = YES;
				CLANG_WARN_CONSTANT_CONVERSION = YES;
				CLANG_WARN_DIRECT_OBJC_ISA_USAGE = YES_ERROR;
				CLANG_WARN_EMPTY_BODY = YES;
				CLANG_WARN_ENUM_CONVERSION = YES;
				CLANG_WARN_INT_CONVERSION = YES;
				CLANG_WARN_OBJC_ROOT_CLASS = YES_ERROR;
				CLANG_WARN__DUPLICATE_METHOD_MATCH = YES;
				CODE_SIGN_IDENTITY = "iPhone Distribution: RAW ENGINEERING INC";
				"CODE_SIGN_IDENTITY[sdk=iphoneos*]" = "iPhone Distribution: RAW ENGINEERING INC";
				COPY_PHASE_STRIP = NO;
				GCC_C_LANGUAGE_STANDARD = gnu99;
				GCC_DYNAMIC_NO_PIC = NO;
				GCC_OPTIMIZATION_LEVEL = 0;
				GCC_PREPROCESSOR_DEFINITIONS = (
					"DEBUG=1",
					"$(inherited)",
				);
				GCC_SYMBOLS_PRIVATE_EXTERN = NO;
				GCC_WARN_ABOUT_RETURN_TYPE = YES_ERROR;
				GCC_WARN_UNDECLARED_SELECTOR = YES;
				GCC_WARN_UNINITIALIZED_AUTOS = YES;
				GCC_WARN_UNUSED_FUNCTION = YES;
				GCC_WARN_UNUSED_VARIABLE = YES;
				IPHONEOS_DEPLOYMENT_TARGET = 7.0;
				ONLY_ACTIVE_ARCH = YES;
				PROVISIONING_PROFILE = "11515F1D-08CF-44FF-AB6D-B1AD4FEB332E";
				SDKROOT = iphoneos;
			};
			name = Debug;
		};
		BA6A8AA0181F837000D35AC5 /* Release */ = {
			isa = XCBuildConfiguration;
			buildSettings = {
				ALWAYS_SEARCH_USER_PATHS = NO;
				CLANG_CXX_LANGUAGE_STANDARD = "gnu++0x";
				CLANG_CXX_LIBRARY = "libc++";
				CLANG_ENABLE_MODULES = YES;
				CLANG_ENABLE_OBJC_ARC = YES;
				CLANG_WARN_BOOL_CONVERSION = YES;
				CLANG_WARN_CONSTANT_CONVERSION = YES;
				CLANG_WARN_DIRECT_OBJC_ISA_USAGE = YES_ERROR;
				CLANG_WARN_EMPTY_BODY = YES;
				CLANG_WARN_ENUM_CONVERSION = YES;
				CLANG_WARN_INT_CONVERSION = YES;
				CLANG_WARN_OBJC_ROOT_CLASS = YES_ERROR;
				CLANG_WARN__DUPLICATE_METHOD_MATCH = YES;
				CODE_SIGN_IDENTITY = "iPhone Distribution: RAW ENGINEERING INC";
				"CODE_SIGN_IDENTITY[sdk=iphoneos*]" = "iPhone Distribution: RAW ENGINEERING INC";
				COPY_PHASE_STRIP = YES;
				ENABLE_NS_ASSERTIONS = NO;
				GCC_C_LANGUAGE_STANDARD = gnu99;
				GCC_WARN_ABOUT_RETURN_TYPE = YES_ERROR;
				GCC_WARN_UNDECLARED_SELECTOR = YES;
				GCC_WARN_UNINITIALIZED_AUTOS = YES;
				GCC_WARN_UNUSED_FUNCTION = YES;
				GCC_WARN_UNUSED_VARIABLE = YES;
				IPHONEOS_DEPLOYMENT_TARGET = 7.0;
				PROVISIONING_PROFILE = "11515F1D-08CF-44FF-AB6D-B1AD4FEB332E";
				SDKROOT = iphoneos;
				VALIDATE_PRODUCT = YES;
			};
			name = Release;
		};
		BA6A8AA2181F837000D35AC5 /* Debug */ = {
			isa = XCBuildConfiguration;
			buildSettings = {
				ASSETCATALOG_COMPILER_APPICON_NAME = AppIcon;
				ASSETCATALOG_COMPILER_LAUNCHIMAGE_NAME = LaunchImage;
				CODE_SIGN_IDENTITY = "iPhone Distribution: RAW ENGINEERING INC";
				FRAMEWORK_SEARCH_PATHS = (
					"$(inherited)",
					"$(SRCROOT)",
				);
				GCC_PRECOMPILE_PREFIX_HEADER = YES;
				GCC_PREFIX_HEADER = "todo/todo-Prefix.pch";
				INFOPLIST_FILE = "todo/todo-Info.plist";
				IPHONEOS_DEPLOYMENT_TARGET = 6.0;
				OTHER_LDFLAGS = "-ObjC";
				PRODUCT_NAME = "$(TARGET_NAME)";
				PROVISIONING_PROFILE = "11515F1D-08CF-44FF-AB6D-B1AD4FEB332E";
				WRAPPER_EXTENSION = app;
			};
			name = Debug;
		};
		BA6A8AA3181F837000D35AC5 /* Release */ = {
			isa = XCBuildConfiguration;
			buildSettings = {
				ASSETCATALOG_COMPILER_APPICON_NAME = AppIcon;
				ASSETCATALOG_COMPILER_LAUNCHIMAGE_NAME = LaunchImage;
				CODE_SIGN_IDENTITY = "iPhone Distribution: RAW ENGINEERING INC";
				"CODE_SIGN_IDENTITY[sdk=iphoneos*]" = "iPhone Distribution: RAW ENGINEERING INC";
				FRAMEWORK_SEARCH_PATHS = (
					"$(inherited)",
					"$(SRCROOT)",
				);
				GCC_PRECOMPILE_PREFIX_HEADER = YES;
				GCC_PREFIX_HEADER = "todo/todo-Prefix.pch";
				INFOPLIST_FILE = "todo/todo-Info.plist";
				IPHONEOS_DEPLOYMENT_TARGET = 6.0;
				OTHER_LDFLAGS = "-ObjC";
				PRODUCT_NAME = "$(TARGET_NAME)";
				PROVISIONING_PROFILE = "11515F1D-08CF-44FF-AB6D-B1AD4FEB332E";
				WRAPPER_EXTENSION = app;
			};
			name = Release;
		};
		BA6A8AA5181F837000D35AC5 /* Debug */ = {
			isa = XCBuildConfiguration;
			buildSettings = {
				BUNDLE_LOADER = "$(BUILT_PRODUCTS_DIR)/todo.app/todo";
				FRAMEWORK_SEARCH_PATHS = (
					"$(SDKROOT)/Developer/Library/Frameworks",
					"$(inherited)",
					"$(DEVELOPER_FRAMEWORKS_DIR)",
					"$(SRCROOT)",
				);
				GCC_PRECOMPILE_PREFIX_HEADER = YES;
				GCC_PREFIX_HEADER = "todo/todo-Prefix.pch";
				GCC_PREPROCESSOR_DEFINITIONS = (
					"DEBUG=1",
					"$(inherited)",
				);
				INFOPLIST_FILE = "todoTests/todoTests-Info.plist";
				PRODUCT_NAME = "$(TARGET_NAME)";
				TEST_HOST = "$(BUNDLE_LOADER)";
				WRAPPER_EXTENSION = xctest;
			};
			name = Debug;
		};
		BA6A8AA6181F837000D35AC5 /* Release */ = {
			isa = XCBuildConfiguration;
			buildSettings = {
				BUNDLE_LOADER = "$(BUILT_PRODUCTS_DIR)/todo.app/todo";
				FRAMEWORK_SEARCH_PATHS = (
					"$(SDKROOT)/Developer/Library/Frameworks",
					"$(inherited)",
					"$(DEVELOPER_FRAMEWORKS_DIR)",
					"$(SRCROOT)",
				);
				GCC_PRECOMPILE_PREFIX_HEADER = YES;
				GCC_PREFIX_HEADER = "todo/todo-Prefix.pch";
				INFOPLIST_FILE = "todoTests/todoTests-Info.plist";
				PRODUCT_NAME = "$(TARGET_NAME)";
				TEST_HOST = "$(BUNDLE_LOADER)";
				WRAPPER_EXTENSION = xctest;
			};
			name = Release;
		};
/* End XCBuildConfiguration section */

/* Begin XCConfigurationList section */
		BA6A8A70181F837000D35AC5 /* Build configuration list for PBXProject "todo" */ = {
			isa = XCConfigurationList;
			buildConfigurations = (
				BA6A8A9F181F837000D35AC5 /* Debug */,
				BA6A8AA0181F837000D35AC5 /* Release */,
			);
			defaultConfigurationIsVisible = 0;
			defaultConfigurationName = Release;
		};
		BA6A8AA1181F837000D35AC5 /* Build configuration list for PBXNativeTarget "todo" */ = {
			isa = XCConfigurationList;
			buildConfigurations = (
				BA6A8AA2181F837000D35AC5 /* Debug */,
				BA6A8AA3181F837000D35AC5 /* Release */,
			);
			defaultConfigurationIsVisible = 0;
			defaultConfigurationName = Release;
		};
		BA6A8AA4181F837000D35AC5 /* Build configuration list for PBXNativeTarget "todoTests" */ = {
			isa = XCConfigurationList;
			buildConfigurations = (
				BA6A8AA5181F837000D35AC5 /* Debug */,
				BA6A8AA6181F837000D35AC5 /* Release */,
			);
			defaultConfigurationIsVisible = 0;
			defaultConfigurationName = Release;
		};
/* End XCConfigurationList section */
	};
	rootObject = BA6A8A6D181F837000D35AC5 /* Project object */;
}
